{
  "name": "@ngasemjs/server-igniter",
  "version": "0.0.32",
  "lockfileVersion": 1,
  "requires": true,
  "dependencies": {
    "@hamjs/http-server": {
      "version": "0.0.3",
      "resolved": "https://registry.npmjs.org/@hamjs/http-server/-/http-server-0.0.3.tgz",
      "integrity": "sha512-m2/fqAOtR0BniirOwPaDQX2A6ujX4YL5D9qezuvyfef2o5D6c5kbaLQbfJp4sMAU7RbirabHiaeyxOcBVInTfQ=="
    },
    "@hamjs/query-builder": {
      "version": "0.0.2",
      "resolved": "https://registry.npmjs.org/@hamjs/query-builder/-/query-builder-0.0.2.tgz",
      "integrity": "sha512-1md63/X4yZ3jqdWp0vK8VyUHJGl87c7/svw2vMIv1qCxyGFsZv/207yAvAfs8MLY98t7kB3CDtYCSH0EIbaBiw=="
    },
    "@ngasemjs/server-core": {
      "version": "0.0.34",
      "resolved": "https://registry.npmjs.org/@ngasemjs/server-core/-/server-core-0.0.34.tgz",
      "integrity": "sha512-qFtDPUHkarHnhurzGefsprMnjKCO2CT/7OjsnEnI59hW1fRZhb0I/otLIRQoA4ao6wzj69lXQusCVtVP1MYesQ==",
      "requires": {
        "@hamjs/http-server": "0.0.3"
      }
    }
  }
}
